
Microsoft Visual Studio Solution File, Format Version 10.00
# Visual Studio 2008
Project("{8BC9CEB8-8B4A-11D0-8D11-00A0C91BC942}") = "OUAPacker", "OUAPacker\OUAPacker.vcproj", "{3225464C-5C7F-432C-BF4A-CFCAE23DCE0C}"
EndProject
Project("{8BC9CEB8-8B4A-11D0-8D11-00A0C91BC942}") = "OUPlazaGUISystem", "OUPlazaGUISystem\OUPlazaGUISystem.vcproj", "{C3F15974-2F36-44CD-88EA-3BD4B61F2AF3}"
	ProjectSection(ProjectDependencies) = postProject
		{3ACE849A-0A9B-4614-AC28-F4E11EE35932} = {3ACE849A-0A9B-4614-AC28-F4E11EE35932}
	EndProjectSection
EndProject
Project("{8BC9CEB8-8B4A-11D0-8D11-00A0C91BC942}") = "OUPlazaRender", "OUPlazaRender\OUPlazaRender.vcproj", "{3ACE849A-0A9B-4614-AC28-F4E11EE35932}"
EndProject
Project("{8BC9CEB8-8B4A-11D0-8D11-00A0C91BC942}") = "OUWorld", "OUWorld\OUWorld.vcproj", "{6F95DB5B-38D7-4A90-9D20-C91133971426}"
	ProjectSection(ProjectDependencies) = postProject
		{C3F15974-2F36-44CD-88EA-3BD4B61F2AF3} = {C3F15974-2F36-44CD-88EA-3BD4B61F2AF3}
		{3ACE849A-0A9B-4614-AC28-F4E11EE35932} = {3ACE849A-0A9B-4614-AC28-F4E11EE35932}
	EndProjectSection
EndProject
Project("{8BC9CEB8-8B4A-11D0-8D11-00A0C91BC942}") = "OUMapMaker", "OUMapMaker\OUMapMaker.vcproj", "{05716B3B-E50F-4A5E-8357-72DF4842DB17}"
	ProjectSection(ProjectDependencies) = postProject
		{C3F15974-2F36-44CD-88EA-3BD4B61F2AF3} = {C3F15974-2F36-44CD-88EA-3BD4B61F2AF3}
		{3ACE849A-0A9B-4614-AC28-F4E11EE35932} = {3ACE849A-0A9B-4614-AC28-F4E11EE35932}
	EndProjectSection
EndProject
Project("{8BC9CEB8-8B4A-11D0-8D11-00A0C91BC942}") = "OUMapMakerEX", "OUMapMakerEX\OUMapMakerEX.vcproj", "{9CD91B82-34C2-4BA5-AC96-5B2BA0BD2A8F}"
	ProjectSection(ProjectDependencies) = postProject
		{C3F15974-2F36-44CD-88EA-3BD4B61F2AF3} = {C3F15974-2F36-44CD-88EA-3BD4B61F2AF3}
		{3ACE849A-0A9B-4614-AC28-F4E11EE35932} = {3ACE849A-0A9B-4614-AC28-F4E11EE35932}
	EndProjectSection
EndProject
Project("{8BC9CEB8-8B4A-11D0-8D11-00A0C91BC942}") = "OUMapDemo", "OUMapDemo\OUMapDemo.vcproj", "{FDC9E8E3-D88A-4A84-98EB-90884B434292}"
	ProjectSection(ProjectDependencies) = postProject
		{C3F15974-2F36-44CD-88EA-3BD4B61F2AF3} = {C3F15974-2F36-44CD-88EA-3BD4B61F2AF3}
		{3ACE849A-0A9B-4614-AC28-F4E11EE35932} = {3ACE849A-0A9B-4614-AC28-F4E11EE35932}
	EndProjectSection
EndProject
Global
	GlobalSection(SolutionConfigurationPlatforms) = preSolution
		Debug|Win32 = Debug|Win32
		Release|Win32 = Release|Win32
	EndGlobalSection
	GlobalSection(ProjectConfigurationPlatforms) = postSolution
		{3225464C-5C7F-432C-BF4A-CFCAE23DCE0C}.Debug|Win32.ActiveCfg = Debug|Win32
		{3225464C-5C7F-432C-BF4A-CFCAE23DCE0C}.Debug|Win32.Build.0 = Debug|Win32
		{3225464C-5C7F-432C-BF4A-CFCAE23DCE0C}.Release|Win32.ActiveCfg = Release|Win32
		{3225464C-5C7F-432C-BF4A-CFCAE23DCE0C}.Release|Win32.Build.0 = Release|Win32
		{C3F15974-2F36-44CD-88EA-3BD4B61F2AF3}.Debug|Win32.ActiveCfg = Debug|Win32
		{C3F15974-2F36-44CD-88EA-3BD4B61F2AF3}.Debug|Win32.Build.0 = Debug|Win32
		{C3F15974-2F36-44CD-88EA-3BD4B61F2AF3}.Release|Win32.ActiveCfg = Release|Win32
		{C3F15974-2F36-44CD-88EA-3BD4B61F2AF3}.Release|Win32.Build.0 = Release|Win32
		{3ACE849A-0A9B-4614-AC28-F4E11EE35932}.Debug|Win32.ActiveCfg = Debug|Win32
		{3ACE849A-0A9B-4614-AC28-F4E11EE35932}.Debug|Win32.Build.0 = Debug|Win32
		{3ACE849A-0A9B-4614-AC28-F4E11EE35932}.Release|Win32.ActiveCfg = Release|Win32
		{3ACE849A-0A9B-4614-AC28-F4E11EE35932}.Release|Win32.Build.0 = Release|Win32
		{6F95DB5B-38D7-4A90-9D20-C91133971426}.Debug|Win32.ActiveCfg = Debug|Win32
		{6F95DB5B-38D7-4A90-9D20-C91133971426}.Debug|Win32.Build.0 = Debug|Win32
		{6F95DB5B-38D7-4A90-9D20-C91133971426}.Release|Win32.ActiveCfg = Release|Win32
		{6F95DB5B-38D7-4A90-9D20-C91133971426}.Release|Win32.Build.0 = Release|Win32
		{05716B3B-E50F-4A5E-8357-72DF4842DB17}.Debug|Win32.ActiveCfg = Debug|Win32
		{05716B3B-E50F-4A5E-8357-72DF4842DB17}.Debug|Win32.Build.0 = Debug|Win32
		{05716B3B-E50F-4A5E-8357-72DF4842DB17}.Release|Win32.ActiveCfg = Release|Win32
		{05716B3B-E50F-4A5E-8357-72DF4842DB17}.Release|Win32.Build.0 = Release|Win32
		{9CD91B82-34C2-4BA5-AC96-5B2BA0BD2A8F}.Debug|Win32.ActiveCfg = Debug|Win32
		{9CD91B82-34C2-4BA5-AC96-5B2BA0BD2A8F}.Debug|Win32.Build.0 = Debug|Win32
		{9CD91B82-34C2-4BA5-AC96-5B2BA0BD2A8F}.Release|Win32.ActiveCfg = Release|Win32
		{9CD91B82-34C2-4BA5-AC96-5B2BA0BD2A8F}.Release|Win32.Build.0 = Release|Win32
		{FDC9E8E3-D88A-4A84-98EB-90884B434292}.Debug|Win32.ActiveCfg = Debug|Win32
		{FDC9E8E3-D88A-4A84-98EB-90884B434292}.Debug|Win32.Build.0 = Debug|Win32
		{FDC9E8E3-D88A-4A84-98EB-90884B434292}.Release|Win32.ActiveCfg = Release|Win32
		{FDC9E8E3-D88A-4A84-98EB-90884B434292}.Release|Win32.Build.0 = Release|Win32
	EndGlobalSection
	GlobalSection(SolutionProperties) = preSolution
		HideSolutionNode = FALSE
	EndGlobalSection
EndGlobal
